
Microsoft Visual Studio Solution File, Format Version 12.00
# Visual Studio Version 17
VisualStudioVersion = 17.9.34728.123
MinimumVisualStudioVersion = 10.0.40219.1
Project("{9A19103F-16F7-4668-BE54-9A1E7A4F7556}") = "Business Layer", "Business Layer\Business Layer.csproj", "{2E426718-C93E-44CF-ADFF-4E78AAE805FC}"
EndProject
Project("{9A19103F-16F7-4668-BE54-9A1E7A4F7556}") = "DataAccess Layer", "DataAccess Layer\DataAccess Layer.csproj", "{3D400B0C-3D88-405C-A3A9-D9E5185CF017}"
EndProject
Project("{FAE04EC0-301F-11D3-BF4B-00C04F79EFBC}") = "Presentation Layer", "Presentation Layer\Presentation Layer.csproj", "{0D8088B9-1572-40D5-BB0B-B9B58B12776C}"
EndProject
Global
	GlobalSection(SolutionConfigurationPlatforms) = preSolution
		Debug|Any CPU = Debug|Any CPU
		Release|Any CPU = Release|Any CPU
	EndGlobalSection
	GlobalSection(ProjectConfigurationPlatforms) = postSolution
		{2E426718-C93E-44CF-ADFF-4E78AAE805FC}.Debug|Any CPU.ActiveCfg = Debug|Any CPU
		{2E426718-C93E-44CF-ADFF-4E78AAE805FC}.Debug|Any CPU.Build.0 = Debug|Any CPU
		{2E426718-C93E-44CF-ADFF-4E78AAE805FC}.Release|Any CPU.ActiveCfg = Release|Any CPU
		{2E426718-C93E-44CF-ADFF-4E78AAE805FC}.Release|Any CPU.Build.0 = Release|Any CPU
		{3D400B0C-3D88-405C-A3A9-D9E5185CF017}.Debug|Any CPU.ActiveCfg = Debug|Any CPU
		{3D400B0C-3D88-405C-A3A9-D9E5185CF017}.Debug|Any CPU.Build.0 = Debug|Any CPU
		{3D400B0C-3D88-405C-A3A9-D9E5185CF017}.Release|Any CPU.ActiveCfg = Release|Any CPU
		{3D400B0C-3D88-405C-A3A9-D9E5185CF017}.Release|Any CPU.Build.0 = Release|Any CPU
		{0D8088B9-1572-40D5-BB0B-B9B58B12776C}.Debug|Any CPU.ActiveCfg = Debug|Any CPU
		{0D8088B9-1572-40D5-BB0B-B9B58B12776C}.Debug|Any CPU.Build.0 = Debug|Any CPU
		{0D8088B9-1572-40D5-BB0B-B9B58B12776C}.Release|Any CPU.ActiveCfg = Release|Any CPU
		{0D8088B9-1572-40D5-BB0B-B9B58B12776C}.Release|Any CPU.Build.0 = Release|Any CPU
	EndGlobalSection
	GlobalSection(SolutionProperties) = preSolution
		HideSolutionNode = FALSE
	EndGlobalSection
	GlobalSection(ExtensibilityGlobals) = postSolution
		SolutionGuid = {2FF0F9A2-00FA-46FB-B71E-D211FCAC17C7}
	EndGlobalSection
EndGlobal
